
Microsoft Visual Studio Solution File, Format Version 12.00
Project("{FAE04EC0-301F-11D3-BF4B-00C04F79EFBC}") = "Atelier", "Atelier\Atelier.csproj", "{DD98322B-E228-4311-B590-76BA44CFBB95}"
EndProject
Project("{FAE04EC0-301F-11D3-BF4B-00C04F79EFBC}") = "BlazorTestApp", "BlazorTestApp\BlazorTestApp.csproj", "{0894BFF9-88AC-4D14-BE24-009F2DEAF4ED}"
EndProject
Project("{FAE04EC0-301F-11D3-BF4B-00C04F79EFBC}") = "BlazorSceneWrapper", "BlazorSceneWrapper\BlazorSceneWrapper.csproj", "{CD7EF27B-7080-4B87-B907-97874E67625B}"
EndProject
Global
	GlobalSection(SolutionConfigurationPlatforms) = preSolution
		Debug|Any CPU = Debug|Any CPU
		Release|Any CPU = Release|Any CPU
	EndGlobalSection
	GlobalSection(ProjectConfigurationPlatforms) = postSolution
		{DD98322B-E228-4311-B590-76BA44CFBB95}.Debug|Any CPU.ActiveCfg = Debug|Any CPU
		{DD98322B-E228-4311-B590-76BA44CFBB95}.Debug|Any CPU.Build.0 = Debug|Any CPU
		{DD98322B-E228-4311-B590-76BA44CFBB95}.Release|Any CPU.ActiveCfg = Release|Any CPU
		{DD98322B-E228-4311-B590-76BA44CFBB95}.Release|Any CPU.Build.0 = Release|Any CPU
		{0894BFF9-88AC-4D14-BE24-009F2DEAF4ED}.Debug|Any CPU.ActiveCfg = Debug|Any CPU
		{0894BFF9-88AC-4D14-BE24-009F2DEAF4ED}.Debug|Any CPU.Build.0 = Debug|Any CPU
		{0894BFF9-88AC-4D14-BE24-009F2DEAF4ED}.Release|Any CPU.ActiveCfg = Release|Any CPU
		{0894BFF9-88AC-4D14-BE24-009F2DEAF4ED}.Release|Any CPU.Build.0 = Release|Any CPU
		{CD7EF27B-7080-4B87-B907-97874E67625B}.Debug|Any CPU.ActiveCfg = Debug|Any CPU
		{CD7EF27B-7080-4B87-B907-97874E67625B}.Debug|Any CPU.Build.0 = Debug|Any CPU
		{CD7EF27B-7080-4B87-B907-97874E67625B}.Release|Any CPU.ActiveCfg = Release|Any CPU
		{CD7EF27B-7080-4B87-B907-97874E67625B}.Release|Any CPU.Build.0 = Release|Any CPU
	EndGlobalSection
EndGlobal
