
Microsoft Visual Studio Solution File, Format Version 12.00
Project("{FAE04EC0-301F-11D3-BF4B-00C04F79EFBC}") = "Atelier", "Atelier\Atelier.csproj", "{DD98322B-E228-4311-B590-76BA44CFBB95}"
EndProject
Project("{FAE04EC0-301F-11D3-BF4B-00C04F79EFBC}") = "AtelierRaylib", "AtelierRaylib\AtelierRaylib.csproj", "{1BC7C3C4-8637-4DE6-A95B-DC7A42920BBD}"
EndProject
Project("{FAE04EC0-301F-11D3-BF4B-00C04F79EFBC}") = "RaylibTestProject", "RaylibTestProject\RaylibTestProject.csproj", "{FE44FC8A-84C5-459C-AA43-287CC0CE7A17}"
EndProject
Project("{FAE04EC0-301F-11D3-BF4B-00C04F79EFBC}") = "AtelierTestObjects", "AtelierTestObjects\AtelierTestObjects.csproj", "{DED33564-8815-4F3F-85CC-D7AFD39EDE12}"
EndProject
Global
	GlobalSection(SolutionConfigurationPlatforms) = preSolution
		Debug|Any CPU = Debug|Any CPU
		Release|Any CPU = Release|Any CPU
	EndGlobalSection
	GlobalSection(ProjectConfigurationPlatforms) = postSolution
		{DD98322B-E228-4311-B590-76BA44CFBB95}.Debug|Any CPU.ActiveCfg = Debug|Any CPU
		{DD98322B-E228-4311-B590-76BA44CFBB95}.Debug|Any CPU.Build.0 = Debug|Any CPU
		{DD98322B-E228-4311-B590-76BA44CFBB95}.Release|Any CPU.ActiveCfg = Release|Any CPU
		{DD98322B-E228-4311-B590-76BA44CFBB95}.Release|Any CPU.Build.0 = Release|Any CPU
		{1BC7C3C4-8637-4DE6-A95B-DC7A42920BBD}.Debug|Any CPU.ActiveCfg = Debug|Any CPU
		{1BC7C3C4-8637-4DE6-A95B-DC7A42920BBD}.Debug|Any CPU.Build.0 = Debug|Any CPU
		{1BC7C3C4-8637-4DE6-A95B-DC7A42920BBD}.Release|Any CPU.ActiveCfg = Release|Any CPU
		{1BC7C3C4-8637-4DE6-A95B-DC7A42920BBD}.Release|Any CPU.Build.0 = Release|Any CPU
		{FE44FC8A-84C5-459C-AA43-287CC0CE7A17}.Debug|Any CPU.ActiveCfg = Debug|Any CPU
		{FE44FC8A-84C5-459C-AA43-287CC0CE7A17}.Debug|Any CPU.Build.0 = Debug|Any CPU
		{FE44FC8A-84C5-459C-AA43-287CC0CE7A17}.Release|Any CPU.ActiveCfg = Release|Any CPU
		{FE44FC8A-84C5-459C-AA43-287CC0CE7A17}.Release|Any CPU.Build.0 = Release|Any CPU
		{DED33564-8815-4F3F-85CC-D7AFD39EDE12}.Debug|Any CPU.ActiveCfg = Debug|Any CPU
		{DED33564-8815-4F3F-85CC-D7AFD39EDE12}.Debug|Any CPU.Build.0 = Debug|Any CPU
		{DED33564-8815-4F3F-85CC-D7AFD39EDE12}.Release|Any CPU.ActiveCfg = Release|Any CPU
		{DED33564-8815-4F3F-85CC-D7AFD39EDE12}.Release|Any CPU.Build.0 = Release|Any CPU
	EndGlobalSection
EndGlobal
